// !$*UTF8*$!
{
	archiveVersion = 1;
	classes = {
	};
	objectVersion = 50;
	objects = {

/* Begin PBXBuildFile section */
		22F88E192437D6870052518B /* AppDelegate.swift in Sources */ = {isa = PBXBuildFile; fileRef = 22F88E182437D6870052518B /* AppDelegate.swift */; };
		22F88E1B2437D6870052518B /* SceneDelegate.swift in Sources */ = {isa = PBXBuildFile; fileRef = 22F88E1A2437D6870052518B /* SceneDelegate.swift */; };
		22F88E1D2437D6870052518B /* ViewController.swift in Sources */ = {isa = PBXBuildFile; fileRef = 22F88E1C2437D6870052518B /* ViewController.swift */; };
		22F88E202437D6870052518B /* Main.storyboard in Resources */ = {isa = PBXBuildFile; fileRef = 22F88E1E2437D6870052518B /* Main.storyboard */; };
		22F88E222437D68A0052518B /* Assets.xcassets in Resources */ = {isa = PBXBuildFile; fileRef = 22F88E212437D68A0052518B /* Assets.xcassets */; };
		22F88E252437D68A0052518B /* LaunchScreen.storyboard in Resources */ = {isa = PBXBuildFile; fileRef = 22F88E232437D68A0052518B /* LaunchScreen.storyboard */; };
		22F88E302437D68A0052518B /* sampleMergeTests.swift in Sources */ = {isa = PBXBuildFile; fileRef = 22F88E2F2437D68A0052518B /* sampleMergeTests.swift */; };
		22F88E3B2437D68A0052518B /* sampleMergeUITests.swift in Sources */ = {isa = PBXBuildFile; fileRef = 22F88E3A2437D68A0052518B /* sampleMergeUITests.swift */; };
		22F88E50243814F60052518B /* parser.m in Sources */ = {isa = PBXBuildFile; fileRef = 22F88E4F243814F60052518B /* parser.m */; };
/* End PBXBuildFile section */

/* Begin PBXContainerItemProxy section */
		22F88E2C2437D68A0052518B /* PBXContainerItemProxy */ = {
			isa = PBXContainerItemProxy;
			containerPortal = 22F88E0D2437D6870052518B /* Project object */;
			proxyType = 1;
			remoteGlobalIDString = 22F88E142437D6870052518B;
			remoteInfo = sampleMerge;
		};
		22F88E372437D68A0052518B /* PBXContainerItemProxy */ = {
			isa = PBXContainerItemProxy;
			containerPortal = 22F88E0D2437D6870052518B /* Project object */;
			proxyType = 1;
			remoteGlobalIDString = 22F88E142437D6870052518B;
			remoteInfo = sampleMerge;
		};
/* End PBXContainerItemProxy section */

/* Begin PBXFileReference section */
		22F88E152437D6870052518B /* sampleMerge.app */ = {isa = PBXFileReference; explicitFileType = wrapper.application; includeInIndex = 0; path = sampleMerge.app; sourceTree = BUILT_PRODUCTS_DIR; };
		22F88E182437D6870052518B /* AppDelegate.swift */ = {isa = PBXFileReference; lastKnownFileType = sourcecode.swift; path = AppDelegate.swift; sourceTree = "<group>"; };
		22F88E1A2437D6870052518B /* SceneDelegate.swift */ = {isa = PBXFileReference; lastKnownFileType = sourcecode.swift; path = SceneDelegate.swift; sourceTree = "<group>"; };
		22F88E1C2437D6870052518B /* ViewController.swift */ = {isa = PBXFileReference; lastKnownFileType = sourcecode.swift; path = ViewController.swift; sourceTree = "<group>"; };
		22F88E1F2437D6870052518B /* Base */ = {isa = PBXFileReference; lastKnownFileType = file.storyboard; name = Base; path = Base.lproj/Main.storyboard; sourceTree = "<group>"; };
		22F88E212437D68A0052518B /* Assets.xcassets */ = {isa = PBXFileReference; lastKnownFileType = folder.assetcatalog; path = Assets.xcassets; sourceTree = "<group>"; };
		22F88E242437D68A0052518B /* Base */ = {isa = PBXFileReference; lastKnownFileType = file.storyboard; name = Base; path = Base.lproj/LaunchScreen.storyboard; sourceTree = "<group>"; };
		22F88E262437D68A0052518B /* Info.plist */ = {isa = PBXFileReference; lastKnownFileType = text.plist.xml; path = Info.plist; sourceTree = "<group>"; };
		22F88E2B2437D68A0052518B /* sampleMergeTests.xctest */ = {isa = PBXFileReference; explicitFileType = wrapper.cfbundle; includeInIndex = 0; path = sampleMergeTests.xctest; sourceTree = BUILT_PRODUCTS_DIR; };
		22F88E2F2437D68A0052518B /* sampleMergeTests.swift */ = {isa = PBXFileReference; lastKnownFileType = sourcecode.swift; path = sampleMergeTests.swift; sourceTree = "<group>"; };
		22F88E312437D68A0052518B /* Info.plist */ = {isa = PBXFileReference; lastKnownFileType = text.plist.xml; path = Info.plist; sourceTree = "<group>"; };
		22F88E362437D68A0052518B /* sampleMergeUITests.xctest */ = {isa = PBXFileReference; explicitFileType = wrapper.cfbundle; includeInIndex = 0; path = sampleMergeUITests.xctest; sourceTree = BUILT_PRODUCTS_DIR; };
		22F88E3A2437D68A0052518B /* sampleMergeUITests.swift */ = {isa = PBXFileReference; lastKnownFileType = sourcecode.swift; path = sampleMergeUITests.swift; sourceTree = "<group>"; };
		22F88E3C2437D68A0052518B /* Info.plist */ = {isa = PBXFileReference; lastKnownFileType = text.plist.xml; path = Info.plist; sourceTree = "<group>"; };
		22F88E482437D8130052518B /* sampleMerge-Bridging-Header.h */ = {isa = PBXFileReference; lastKnownFileType = sourcecode.c.h; path = "sampleMerge-Bridging-Header.h"; sourceTree = "<group>"; };
		22F88E4E243814F60052518B /* parser.h */ = {isa = PBXFileReference; lastKnownFileType = sourcecode.c.h; path = parser.h; sourceTree = "<group>"; };
		22F88E4F243814F60052518B /* parser.m */ = {isa = PBXFileReference; lastKnownFileType = sourcecode.c.objc; path = parser.m; sourceTree = "<group>"; };
/* End PBXFileReference section */

/* Begin PBXFrameworksBuildPhase section */
		22F88E122437D6870052518B /* Frameworks */ = {
			isa = PBXFrameworksBuildPhase;
			buildActionMask = 2147483647;
			files = (
			);
			runOnlyForDeploymentPostprocessing = 0;
		};
		22F88E282437D68A0052518B /* Frameworks */ = {
			isa = PBXFrameworksBuildPhase;
			buildActionMask = 2147483647;
			files = (
			);
			runOnlyForDeploymentPostprocessing = 0;
		};
		22F88E332437D68A0052518B /* Frameworks */ = {
			isa = PBXFrameworksBuildPhase;
			buildActionMask = 2147483647;
			files = (
			);
			runOnlyForDeploymentPostprocessing = 0;
		};
/* End PBXFrameworksBuildPhase section */

/* Begin PBXGroup section */
		22F88E0C2437D6870052518B = {
			isa = PBXGroup;
			children = (
				22F88E4E243814F60052518B /* parser.h */,
				22F88E4F243814F60052518B /* parser.m */,
				22F88E172437D6870052518B /* sampleMerge */,
				22F88E2E2437D68A0052518B /* sampleMergeTests */,
				22F88E392437D68A0052518B /* sampleMergeUITests */,
				22F88E162437D6870052518B /* Products */,
				22F88E482437D8130052518B /* sampleMerge-Bridging-Header.h */,
			);
			sourceTree = "<group>";
		};
		22F88E162437D6870052518B /* Products */ = {
			isa = PBXGroup;
			children = (
				22F88E152437D6870052518B /* sampleMerge.app */,
				22F88E2B2437D68A0052518B /* sampleMergeTests.xctest */,
				22F88E362437D68A0052518B /* sampleMergeUITests.xctest */,
			);
			name = Products;
			sourceTree = "<group>";
		};
		22F88E172437D6870052518B /* sampleMerge */ = {
			isa = PBXGroup;
			children = (
				22F88E182437D6870052518B /* AppDelegate.swift */,
				22F88E1A2437D6870052518B /* SceneDelegate.swift */,
				22F88E1C2437D6870052518B /* ViewController.swift */,
				22F88E1E2437D6870052518B /* Main.storyboard */,
				22F88E212437D68A0052518B /* Assets.xcassets */,
				22F88E232437D68A0052518B /* LaunchScreen.storyboard */,
				22F88E262437D68A0052518B /* Info.plist */,
			);
			path = sampleMerge;
			sourceTree = "<group>";
		};
		22F88E2E2437D68A0052518B /* sampleMergeTests */ = {
			isa = PBXGroup;
			children = (
				22F88E2F2437D68A0052518B /* sampleMergeTests.swift */,
				22F88E312437D68A0052518B /* Info.plist */,
			);
			path = sampleMergeTests;
			sourceTree = "<group>";
		};
		22F88E392437D68A0052518B /* sampleMergeUITests */ = {
			isa = PBXGroup;
			children = (
				22F88E3A2437D68A0052518B /* sampleMergeUITests.swift */,
				22F88E3C2437D68A0052518B /* Info.plist */,
			);
			path = sampleMergeUITests;
			sourceTree = "<group>";
		};
/* End PBXGroup section */

/* Begin PBXNativeTarget section */
		22F88E142437D6870052518B /* sampleMerge */ = {
			isa = PBXNativeTarget;
			buildConfigurationList = 22F88E3F2437D68A0052518B /* Build configuration list for PBXNativeTarget "sampleMerge" */;
			buildPhases = (
				22F88E112437D6870052518B /* Sources */,
				22F88E122437D6870052518B /* Frameworks */,
				22F88E132437D6870052518B /* Resources */,
			);
			buildRules = (
			);
			dependencies = (
			);
			name = sampleMerge;
			productName = sampleMerge;
			productReference = 22F88E152437D6870052518B /* sampleMerge.app */;
			productType = "com.apple.product-type.application";
		};
		22F88E2A2437D68A0052518B /* sampleMergeTests */ = {
			isa = PBXNativeTarget;
			buildConfigurationList = 22F88E422437D68A0052518B /* Build configuration list for PBXNativeTarget "sampleMergeTests" */;
			buildPhases = (
				22F88E272437D68A0052518B /* Sources */,
				22F88E282437D68A0052518B /* Frameworks */,
				22F88E292437D68A0052518B /* Resources */,
			);
			buildRules = (
			);
			dependencies = (
				22F88E2D2437D68A0052518B /* PBXTargetDependency */,
			);
			name = sampleMergeTests;
			productName = sampleMergeTests;
			productReference = 22F88E2B2437D68A0052518B /* sampleMergeTests.xctest */;
			productType = "com.apple.product-type.bundle.unit-test";
		};
		22F88E352437D68A0052518B /* sampleMergeUITests */ = {
			isa = PBXNativeTarget;
			buildConfigurationList = 22F88E452437D68A0052518B /* Build configuration list for PBXNativeTarget "sampleMergeUITests" */;
			buildPhases = (
				22F88E322437D68A0052518B /* Sources */,
				22F88E332437D68A0052518B /* Frameworks */,
				22F88E342437D68A0052518B /* Resources */,
			);
			buildRules = (
			);
			dependencies = (
				22F88E382437D68A0052518B /* PBXTargetDependency */,
			);
			name = sampleMergeUITests;
			productName = sampleMergeUITests;
			productReference = 22F88E362437D68A0052518B /* sampleMergeUITests.xctest */;
			productType = "com.apple.product-type.bundle.ui-testing";
		};
/* End PBXNativeTarget section */

/* Begin PBXProject section */
		22F88E0D2437D6870052518B /* Project object */ = {
			isa = PBXProject;
			attributes = {
				LastSwiftUpdateCheck = 1140;
				LastUpgradeCheck = 1140;
				ORGANIZATIONNAME = MuhammadDaniyal;
				TargetAttributes = {
					22F88E142437D6870052518B = {
						CreatedOnToolsVersion = 11.4;
						LastSwiftMigration = 1140;
					};
					22F88E2A2437D68A0052518B = {
						CreatedOnToolsVersion = 11.4;
						TestTargetID = 22F88E142437D6870052518B;
					};
					22F88E352437D68A0052518B = {
						CreatedOnToolsVersion = 11.4;
						TestTargetID = 22F88E142437D6870052518B;
					};
				};
			};
			buildConfigurationList = 22F88E102437D6870052518B /* Build configuration list for PBXProject "sampleMerge" */;
			compatibilityVersion = "Xcode 9.3";
			developmentRegion = en;
			hasScannedForEncodings = 0;
			knownRegions = (
				en,
				Base,
			);
			mainGroup = 22F88E0C2437D6870052518B;
			productRefGroup = 22F88E162437D6870052518B /* Products */;
			projectDirPath = "";
			projectRoot = "";
			targets = (
				22F88E142437D6870052518B /* sampleMerge */,
				22F88E2A2437D68A0052518B /* sampleMergeTests */,
				22F88E352437D68A0052518B /* sampleMergeUITests */,
			);
		};
/* End PBXProject section */

/* Begin PBXResourcesBuildPhase section */
		22F88E132437D6870052518B /* Resources */ = {
			isa = PBXResourcesBuildPhase;
			buildActionMask = 2147483647;
			files = (
				22F88E252437D68A0052518B /* LaunchScreen.storyboard in Resources */,
				22F88E222437D68A0052518B /* Assets.xcassets in Resources */,
				22F88E202437D6870052518B /* Main.storyboard in Resources */,
			);
			runOnlyForDeploymentPostprocessing = 0;
		};
		22F88E292437D68A0052518B /* Resources */ = {
			isa = PBXResourcesBuildPhase;
			buildActionMask = 2147483647;
			files = (
			);
			runOnlyForDeploymentPostprocessing = 0;
		};
		22F88E342437D68A0052518B /* Resources */ = {
			isa = PBXResourcesBuildPhase;
			buildActionMask = 2147483647;
			files = (
			);
			runOnlyForDeploymentPostprocessing = 0;
		};
/* End PBXResourcesBuildPhase section */

/* Begin PBXSourcesBuildPhase section */
		22F88E112437D6870052518B /* Sources */ = {
			isa = PBXSourcesBuildPhase;
			buildActionMask = 2147483647;
			files = (
				22F88E1D2437D6870052518B /* ViewController.swift in Sources */,
				22F88E192437D6870052518B /* AppDelegate.swift in Sources */,
				22F88E50243814F60052518B /* parser.m in Sources */,
				22F88E1B2437D6870052518B /* SceneDelegate.swift in Sources */,
			);
			runOnlyForDeploymentPostprocessing = 0;
		};
		22F88E272437D68A0052518B /* Sources */ = {
			isa = PBXSourcesBuildPhase;
			buildActionMask = 2147483647;
			files = (
				22F88E302437D68A0052518B /* sampleMergeTests.swift in Sources */,
			);
			runOnlyForDeploymentPostprocessing = 0;
		};
		22F88E322437D68A0052518B /* Sources */ = {
			isa = PBXSourcesBuildPhase;
			buildActionMask = 2147483647;
			files = (
				22F88E3B2437D68A0052518B /* sampleMergeUITests.swift in Sources */,
			);
			runOnlyForDeploymentPostprocessing = 0;
		};
/* End PBXSourcesBuildPhase section */

/* Begin PBXTargetDependency section */
		22F88E2D2437D68A0052518B /* PBXTargetDependency */ = {
			isa = PBXTargetDependency;
			target = 22F88E142437D6870052518B /* sampleMerge */;
			targetProxy = 22F88E2C2437D68A0052518B /* PBXContainerItemProxy */;
		};
		22F88E382437D68A0052518B /* PBXTargetDependency */ = {
			isa = PBXTargetDependency;
			target = 22F88E142437D6870052518B /* sampleMerge */;
			targetProxy = 22F88E372437D68A0052518B /* PBXContainerItemProxy */;
		};
/* End PBXTargetDependency section */

/* Begin PBXVariantGroup section */
		22F88E1E2437D6870052518B /* Main.storyboard */ = {
			isa = PBXVariantGroup;
			children = (
				22F88E1F2437D6870052518B /* Base */,
			);
			name = Main.storyboard;
			sourceTree = "<group>";
		};
		22F88E232437D68A0052518B /* LaunchScreen.storyboard */ = {
			isa = PBXVariantGroup;
			children = (
				22F88E242437D68A0052518B /* Base */,
			);
			name = LaunchScreen.storyboard;
			sourceTree = "<group>";
		};
/* End PBXVariantGroup section */

/* Begin XCBuildConfiguration section */
		22F88E3D2437D68A0052518B /* Debug */ = {
			isa = XCBuildConfiguration;
			buildSettings = {
				ALWAYS_SEARCH_USER_PATHS = NO;
				CLANG_ANALYZER_NONNULL = YES;
				CLANG_ANALYZER_NUMBER_OBJECT_CONVERSION = YES_AGGRESSIVE;
				CLANG_CXX_LANGUAGE_STANDARD = "gnu++14";
				CLANG_CXX_LIBRARY = "libc++";
				CLANG_ENABLE_MODULES = YES;
				CLANG_ENABLE_OBJC_ARC = YES;
				CLANG_ENABLE_OBJC_WEAK = YES;
				CLANG_WARN_BLOCK_CAPTURE_AUTORELEASING = YES;
				CLANG_WARN_BOOL_CONVERSION = YES;
				CLANG_WARN_COMMA = YES;
				CLANG_WARN_CONSTANT_CONVERSION = YES;
				CLANG_WARN_DEPRECATED_OBJC_IMPLEMENTATIONS = YES;
				CLANG_WARN_DIRECT_OBJC_ISA_USAGE = YES_ERROR;
				CLANG_WARN_DOCUMENTATION_COMMENTS = YES;
				CLANG_WARN_EMPTY_BODY = YES;
				CLANG_WARN_ENUM_CONVERSION = YES;
				CLANG_WARN_INFINITE_RECURSION = YES;
				CLANG_WARN_INT_CONVERSION = YES;
				CLANG_WARN_NON_LITERAL_NULL_CONVERSION = YES;
				CLANG_WARN_OBJC_IMPLICIT_RETAIN_SELF = YES;
				CLANG_WARN_OBJC_LITERAL_CONVERSION = YES;
				CLANG_WARN_OBJC_ROOT_CLASS = YES_ERROR;
				CLANG_WARN_RANGE_LOOP_ANALYSIS = YES;
				CLANG_WARN_STRICT_PROTOTYPES = YES;
				CLANG_WARN_SUSPICIOUS_MOVE = YES;
				CLANG_WARN_UNGUARDED_AVAILABILITY = YES_AGGRESSIVE;
				CLANG_WARN_UNREACHABLE_CODE = YES;
				CLANG_WARN__DUPLICATE_METHOD_MATCH = YES;
				COPY_PHASE_STRIP = NO;
				DEBUG_INFORMATION_FORMAT = dwarf;
				ENABLE_STRICT_OBJC_MSGSEND = YES;
				ENABLE_TESTABILITY = YES;
				GCC_C_LANGUAGE_STANDARD = gnu11;
				GCC_DYNAMIC_NO_PIC = NO;
				GCC_NO_COMMON_BLOCKS = YES;
				GCC_OPTIMIZATION_LEVEL = 0;
				GCC_PREPROCESSOR_DEFINITIONS = (
					"DEBUG=1",
					"$(inherited)",
				);
				GCC_WARN_64_TO_32_BIT_CONVERSION = YES;
				GCC_WARN_ABOUT_RETURN_TYPE = YES_ERROR;
				GCC_WARN_UNDECLARED_SELECTOR = YES;
				GCC_WARN_UNINITIALIZED_AUTOS = YES_AGGRESSIVE;
				GCC_WARN_UNUSED_FUNCTION = YES;
				GCC_WARN_UNUSED_VARIABLE = YES;
				IPHONEOS_DEPLOYMENT_TARGET = 13.4;
				MTL_ENABLE_DEBUG_INFO = INCLUDE_SOURCE;
				MTL_FAST_MATH = YES;
				ONLY_ACTIVE_ARCH = YES;
				SDKROOT = iphoneos;
				SWIFT_ACTIVE_COMPILATION_CONDITIONS = DEBUG;
				SWIFT_OPTIMIZATION_LEVEL = "-Onone";
			};
			name = Debug;
		};
		22F88E3E2437D68A0052518B /* Release */ = {
			isa = XCBuildConfiguration;
			buildSettings = {
				ALWAYS_SEARCH_USER_PATHS = NO;
				CLANG_ANALYZER_NONNULL = YES;
				CLANG_ANALYZER_NUMBER_OBJECT_CONVERSION = YES_AGGRESSIVE;
				CLANG_CXX_LANGUAGE_STANDARD = "gnu++14";
				CLANG_CXX_LIBRARY = "libc++";
				CLANG_ENABLE_MODULES = YES;
				CLANG_ENABLE_OBJC_ARC = YES;
				CLANG_ENABLE_OBJC_WEAK = YES;
				CLANG_WARN_BLOCK_CAPTURE_AUTORELEASING = YES;
				CLANG_WARN_BOOL_CONVERSION = YES;
				CLANG_WARN_COMMA = YES;
				CLANG_WARN_CONSTANT_CONVERSION = YES;
				CLANG_WARN_DEPRECATED_OBJC_IMPLEMENTATIONS = YES;
				CLANG_WARN_DIRECT_OBJC_ISA_USAGE = YES_ERROR;
				CLANG_WARN_DOCUMENTATION_COMMENTS = YES;
				CLANG_WARN_EMPTY_BODY = YES;
				CLANG_WARN_ENUM_CONVERSION = YES;
				CLANG_WARN_INFINITE_RECURSION = YES;
				CLANG_WARN_INT_CONVERSION = YES;
				CLANG_WARN_NON_LITERAL_NULL_CONVERSION = YES;
				CLANG_WARN_OBJC_IMPLICIT_RETAIN_SELF = YES;
				CLANG_WARN_OBJC_LITERAL_CONVERSION = YES;
				CLANG_WARN_OBJC_ROOT_CLASS = YES_ERROR;
				CLANG_WARN_RANGE_LOOP_ANALYSIS = YES;
				CLANG_WARN_STRICT_PROTOTYPES = YES;
				CLANG_WARN_SUSPICIOUS_MOVE = YES;
				CLANG_WARN_UNGUARDED_AVAILABILITY = YES_AGGRESSIVE;
				CLANG_WARN_UNREACHABLE_CODE = YES;
				CLANG_WARN__DUPLICATE_METHOD_MATCH = YES;
				COPY_PHASE_STRIP = NO;
				DEBUG_INFORMATION_FORMAT = "dwarf-with-dsym";
				ENABLE_NS_ASSERTIONS = NO;
				ENABLE_STRICT_OBJC_MSGSEND = YES;
				GCC_C_LANGUAGE_STANDARD = gnu11;
				GCC_NO_COMMON_BLOCKS = YES;
				GCC_WARN_64_TO_32_BIT_CONVERSION = YES;
				GCC_WARN_ABOUT_RETURN_TYPE = YES_ERROR;
				GCC_WARN_UNDECLARED_SELECTOR = YES;
				GCC_WARN_UNINITIALIZED_AUTOS = YES_AGGRESSIVE;
				GCC_WARN_UNUSED_FUNCTION = YES;
				GCC_WARN_UNUSED_VARIABLE = YES;
				IPHONEOS_DEPLOYMENT_TARGET = 13.4;
				MTL_ENABLE_DEBUG_INFO = NO;
				MTL_FAST_MATH = YES;
				SDKROOT = iphoneos;
				SWIFT_COMPILATION_MODE = wholemodule;
				SWIFT_OPTIMIZATION_LEVEL = "-O";
				VALIDATE_PRODUCT = YES;
			};
			name = Release;
		};
		22F88E402437D68A0052518B /* Debug */ = {
			isa = XCBuildConfiguration;
			buildSettings = {
				ASSETCATALOG_COMPILER_APPICON_NAME = AppIcon;
				CLANG_ENABLE_MODULES = YES;
				CODE_SIGN_STYLE = Automatic;
				DEVELOPMENT_TEAM = "";
				INFOPLIST_FILE = sampleMerge/Info.plist;
				LD_RUNPATH_SEARCH_PATHS = (
					"$(inherited)",
					"@executable_path/Frameworks",
				);
				PRODUCT_BUNDLE_IDENTIFIER = Muhammad.sampleMerge;
				PRODUCT_NAME = "$(TARGET_NAME)";
				SWIFT_OBJC_BRIDGING_HEADER = "sampleMerge-Bridging-Header.h";
				SWIFT_OPTIMIZATION_LEVEL = "-Onone";
				SWIFT_VERSION = 5.0;
				TARGETED_DEVICE_FAMILY = "1,2";
			};
			name = Debug;
		};
		22F88E412437D68A0052518B /* Release */ = {
			isa = XCBuildConfiguration;
			buildSettings = {
				ASSETCATALOG_COMPILER_APPICON_NAME = AppIcon;
				CLANG_ENABLE_MODULES = YES;
				CODE_SIGN_STYLE = Automatic;
				DEVELOPMENT_TEAM = "";
				INFOPLIST_FILE = sampleMerge/Info.plist;
				LD_RUNPATH_SEARCH_PATHS = (
					"$(inherited)",
					"@executable_path/Frameworks",
				);
				PRODUCT_BUNDLE_IDENTIFIER = Muhammad.sampleMerge;
				PRODUCT_NAME = "$(TARGET_NAME)";
				SWIFT_OBJC_BRIDGING_HEADER = "sampleMerge-Bridging-Header.h";
				SWIFT_VERSION = 5.0;
				TARGETED_DEVICE_FAMILY = "1,2";
			};
			name = Release;
		};
		22F88E432437D68A0052518B /* Debug */ = {
			isa = XCBuildConfiguration;
			buildSettings = {
				ALWAYS_EMBED_SWIFT_STANDARD_LIBRARIES = YES;
				BUNDLE_LOADER = "$(TEST_HOST)";
				CODE_SIGN_STYLE = Automatic;
				INFOPLIST_FILE = sampleMergeTests/Info.plist;
				IPHONEOS_DEPLOYMENT_TARGET = 13.4;
				LD_RUNPATH_SEARCH_PATHS = (
					"$(inherited)",
					"@executable_path/Frameworks",
					"@loader_path/Frameworks",
				);
				PRODUCT_BUNDLE_IDENTIFIER = Muhammad.sampleMergeTests;
				PRODUCT_NAME = "$(TARGET_NAME)";
				SWIFT_VERSION = 5.0;
				TARGETED_DEVICE_FAMILY = "1,2";
				TEST_HOST = "$(BUILT_PRODUCTS_DIR)/sampleMerge.app/sampleMerge";
			};
			name = Debug;
		};
		22F88E442437D68A0052518B /* Release */ = {
			isa = XCBuildConfiguration;
			buildSettings = {
				ALWAYS_EMBED_SWIFT_STANDARD_LIBRARIES = YES;
				BUNDLE_LOADER = "$(TEST_HOST)";
				CODE_SIGN_STYLE = Automatic;
				INFOPLIST_FILE = sampleMergeTests/Info.plist;
				IPHONEOS_DEPLOYMENT_TARGET = 13.4;
				LD_RUNPATH_SEARCH_PATHS = (
					"$(inherited)",
					"@executable_path/Frameworks",
					"@loader_path/Frameworks",
				);
				PRODUCT_BUNDLE_IDENTIFIER = Muhammad.sampleMergeTests;
				PRODUCT_NAME = "$(TARGET_NAME)";
				SWIFT_VERSION = 5.0;
				TARGETED_DEVICE_FAMILY = "1,2";
				TEST_HOST = "$(BUILT_PRODUCTS_DIR)/sampleMerge.app/sampleMerge";
			};
			name = Release;
		};
		22F88E462437D68A0052518B /* Debug */ = {
			isa = XCBuildConfiguration;
			buildSettings = {
				ALWAYS_EMBED_SWIFT_STANDARD_LIBRARIES = YES;
				CODE_SIGN_STYLE = Automatic;
				INFOPLIST_FILE = sampleMergeUITests/Info.plist;
				LD_RUNPATH_SEARCH_PATHS = (
					"$(inherited)",
					"@executable_path/Frameworks",
					"@loader_path/Frameworks",
				);
				PRODUCT_BUNDLE_IDENTIFIER = Muhammad.sampleMergeUITests;
				PRODUCT_NAME = "$(TARGET_NAME)";
				SWIFT_VERSION = 5.0;
				TARGETED_DEVICE_FAMILY = "1,2";
				TEST_TARGET_NAME = sampleMerge;
			};
			name = Debug;
		};
		22F88E472437D68A0052518B /* Release */ = {
			isa = XCBuildConfiguration;
			buildSettings = {
				ALWAYS_EMBED_SWIFT_STANDARD_LIBRARIES = YES;
				CODE_SIGN_STYLE = Automatic;
				INFOPLIST_FILE = sampleMergeUITests/Info.plist;
				LD_RUNPATH_SEARCH_PATHS = (
					"$(inherited)",
					"@executable_path/Frameworks",
					"@loader_path/Frameworks",
				);
				PRODUCT_BUNDLE_IDENTIFIER = Muhammad.sampleMergeUITests;
				PRODUCT_NAME = "$(TARGET_NAME)";
				SWIFT_VERSION = 5.0;
				TARGETED_DEVICE_FAMILY = "1,2";
				TEST_TARGET_NAME = sampleMerge;
			};
			name = Release;
		};
/* End XCBuildConfiguration section */

/* Begin XCConfigurationList section */
		22F88E102437D6870052518B /* Build configuration list for PBXProject "sampleMerge" */ = {
			isa = XCConfigurationList;
			buildConfigurations = (
				22F88E3D2437D68A0052518B /* Debug */,
				22F88E3E2437D68A0052518B /* Release */,
			);
			defaultConfigurationIsVisible = 0;
			defaultConfigurationName = Release;
		};
		22F88E3F2437D68A0052518B /* Build configuration list for PBXNativeTarget "sampleMerge" */ = {
			isa = XCConfigurationList;
			buildConfigurations = (
				22F88E402437D68A0052518B /* Debug */,
				22F88E412437D68A0052518B /* Release */,
			);
			defaultConfigurationIsVisible = 0;
			defaultConfigurationName = Release;
		};
		22F88E422437D68A0052518B /* Build configuration list for PBXNativeTarget "sampleMergeTests" */ = {
			isa = XCConfigurationList;
			buildConfigurations = (
				22F88E432437D68A0052518B /* Debug */,
				22F88E442437D68A0052518B /* Release */,
			);
			defaultConfigurationIsVisible = 0;
			defaultConfigurationName = Release;
		};
		22F88E452437D68A0052518B /* Build configuration list for PBXNativeTarget "sampleMergeUITests" */ = {
			isa = XCConfigurationList;
			buildConfigurations = (
				22F88E462437D68A0052518B /* Debug */,
				22F88E472437D68A0052518B /* Release */,
			);
			defaultConfigurationIsVisible = 0;
			defaultConfigurationName = Release;
		};
/* End XCConfigurationList section */
	};
	rootObject = 22F88E0D2437D6870052518B /* Project object */;
}
