// !$*UTF8*$!
{
	archiveVersion = 1;
	classes = {
	};
	objectVersion = 50;
	objects = {

/* Begin PBXBuildFile section */
		2256F31B244668C90048CBA0 /* parser.m in Sources */ = {isa = PBXBuildFile; fileRef = 2256F31A244668C90048CBA0 /* parser.m */; };
		FC41BBDA2401957500B2F6E7 /* Manual_ViewController.swift in Sources */ = {isa = PBXBuildFile; fileRef = FC41BBD92401957500B2F6E7 /* Manual_ViewController.swift */; };
		FC41BBDC2401957E00B2F6E7 /* Random_ViewController.swift in Sources */ = {isa = PBXBuildFile; fileRef = FC41BBDB2401957E00B2F6E7 /* Random_ViewController.swift */; };
		FC41BBDE2401958A00B2F6E7 /* ProgramPoint_ViewController.swift in Sources */ = {isa = PBXBuildFile; fileRef = FC41BBDD2401958A00B2F6E7 /* ProgramPoint_ViewController.swift */; };
		FC41BBE0240195B600B2F6E7 /* AccidentScenario_ViewController.swift in Sources */ = {isa = PBXBuildFile; fileRef = FC41BBDF240195B600B2F6E7 /* AccidentScenario_ViewController.swift */; };
		FC41BBE2240195DA00B2F6E7 /* Setup_ViewController.swift in Sources */ = {isa = PBXBuildFile; fileRef = FC41BBE1240195DA00B2F6E7 /* Setup_ViewController.swift */; };
		FC41BBE4240195E600B2F6E7 /* SafetySettings_ViewController.swift in Sources */ = {isa = PBXBuildFile; fileRef = FC41BBE3240195E600B2F6E7 /* SafetySettings_ViewController.swift */; };
		FC5DD33123FD96D0003CC429 /* AdmiLoginVC.swift in Sources */ = {isa = PBXBuildFile; fileRef = FC5DD33023FD96D0003CC429 /* AdmiLoginVC.swift */; };
		FC5DD33323FD98C1003CC429 /* CalibrationVC.swift in Sources */ = {isa = PBXBuildFile; fileRef = FC5DD33223FD98C1003CC429 /* CalibrationVC.swift */; };
		FCD08F8E23EF813400F4C7C8 /* AppDelegate.swift in Sources */ = {isa = PBXBuildFile; fileRef = FCD08F8D23EF813400F4C7C8 /* AppDelegate.swift */; };
		FCD08F9023EF813400F4C7C8 /* SceneDelegate.swift in Sources */ = {isa = PBXBuildFile; fileRef = FCD08F8F23EF813400F4C7C8 /* SceneDelegate.swift */; };
		FCD08F9223EF813400F4C7C8 /* ViewController.swift in Sources */ = {isa = PBXBuildFile; fileRef = FCD08F9123EF813400F4C7C8 /* ViewController.swift */; };
		FCD08F9523EF813400F4C7C8 /* Main.storyboard in Resources */ = {isa = PBXBuildFile; fileRef = FCD08F9323EF813400F4C7C8 /* Main.storyboard */; };
		FCD08F9723EF813600F4C7C8 /* Assets.xcassets in Resources */ = {isa = PBXBuildFile; fileRef = FCD08F9623EF813600F4C7C8 /* Assets.xcassets */; };
		FCD08F9A23EF813600F4C7C8 /* LaunchScreen.storyboard in Resources */ = {isa = PBXBuildFile; fileRef = FCD08F9823EF813600F4C7C8 /* LaunchScreen.storyboard */; };
/* End PBXBuildFile section */

/* Begin PBXFileReference section */
		2256F318244668C80048CBA0 /* At Training-Bridging-Header.h */ = {isa = PBXFileReference; lastKnownFileType = sourcecode.c.h; path = "At Training-Bridging-Header.h"; sourceTree = "<group>"; };
		2256F319244668C90048CBA0 /* parser.h */ = {isa = PBXFileReference; lastKnownFileType = sourcecode.c.h; path = parser.h; sourceTree = "<group>"; };
		2256F31A244668C90048CBA0 /* parser.m */ = {isa = PBXFileReference; lastKnownFileType = sourcecode.c.objc; path = parser.m; sourceTree = "<group>"; };
		FC41BBD92401957500B2F6E7 /* Manual_ViewController.swift */ = {isa = PBXFileReference; lastKnownFileType = sourcecode.swift; path = Manual_ViewController.swift; sourceTree = "<group>"; };
		FC41BBDB2401957E00B2F6E7 /* Random_ViewController.swift */ = {isa = PBXFileReference; lastKnownFileType = sourcecode.swift; path = Random_ViewController.swift; sourceTree = "<group>"; };
		FC41BBDD2401958A00B2F6E7 /* ProgramPoint_ViewController.swift */ = {isa = PBXFileReference; lastKnownFileType = sourcecode.swift; path = ProgramPoint_ViewController.swift; sourceTree = "<group>"; };
		FC41BBDF240195B600B2F6E7 /* AccidentScenario_ViewController.swift */ = {isa = PBXFileReference; lastKnownFileType = sourcecode.swift; path = AccidentScenario_ViewController.swift; sourceTree = "<group>"; };
		FC41BBE1240195DA00B2F6E7 /* Setup_ViewController.swift */ = {isa = PBXFileReference; lastKnownFileType = sourcecode.swift; path = Setup_ViewController.swift; sourceTree = "<group>"; };
		FC41BBE3240195E600B2F6E7 /* SafetySettings_ViewController.swift */ = {isa = PBXFileReference; lastKnownFileType = sourcecode.swift; path = SafetySettings_ViewController.swift; sourceTree = "<group>"; };
		FC5DD33023FD96D0003CC429 /* AdmiLoginVC.swift */ = {isa = PBXFileReference; lastKnownFileType = sourcecode.swift; path = AdmiLoginVC.swift; sourceTree = "<group>"; };
		FC5DD33223FD98C1003CC429 /* CalibrationVC.swift */ = {isa = PBXFileReference; lastKnownFileType = sourcecode.swift; path = CalibrationVC.swift; sourceTree = "<group>"; };
		FCD08F8A23EF813400F4C7C8 /* At Training.app */ = {isa = PBXFileReference; explicitFileType = wrapper.application; includeInIndex = 0; path = "At Training.app"; sourceTree = BUILT_PRODUCTS_DIR; };
		FCD08F8D23EF813400F4C7C8 /* AppDelegate.swift */ = {isa = PBXFileReference; lastKnownFileType = sourcecode.swift; path = AppDelegate.swift; sourceTree = "<group>"; };
		FCD08F8F23EF813400F4C7C8 /* SceneDelegate.swift */ = {isa = PBXFileReference; lastKnownFileType = sourcecode.swift; path = SceneDelegate.swift; sourceTree = "<group>"; };
		FCD08F9123EF813400F4C7C8 /* ViewController.swift */ = {isa = PBXFileReference; lastKnownFileType = sourcecode.swift; path = ViewController.swift; sourceTree = "<group>"; };
		FCD08F9423EF813400F4C7C8 /* Base */ = {isa = PBXFileReference; lastKnownFileType = file.storyboard; name = Base; path = Base.lproj/Main.storyboard; sourceTree = "<group>"; };
		FCD08F9623EF813600F4C7C8 /* Assets.xcassets */ = {isa = PBXFileReference; lastKnownFileType = folder.assetcatalog; path = Assets.xcassets; sourceTree = "<group>"; };
		FCD08F9923EF813600F4C7C8 /* Base */ = {isa = PBXFileReference; lastKnownFileType = file.storyboard; name = Base; path = Base.lproj/LaunchScreen.storyboard; sourceTree = "<group>"; };
		FCD08F9B23EF813600F4C7C8 /* Info.plist */ = {isa = PBXFileReference; lastKnownFileType = text.plist.xml; path = Info.plist; sourceTree = "<group>"; };
/* End PBXFileReference section */

/* Begin PBXFrameworksBuildPhase section */
		FCD08F8723EF813400F4C7C8 /* Frameworks */ = {
			isa = PBXFrameworksBuildPhase;
			buildActionMask = 2147483647;
			files = (
			);
			runOnlyForDeploymentPostprocessing = 0;
		};
/* End PBXFrameworksBuildPhase section */

/* Begin PBXGroup section */
		FC5DD32D23FD881D003CC429 /* Controller */ = {
			isa = PBXGroup;
			children = (
				FCD08F9123EF813400F4C7C8 /* ViewController.swift */,
				FC5DD33023FD96D0003CC429 /* AdmiLoginVC.swift */,
				FC5DD33223FD98C1003CC429 /* CalibrationVC.swift */,
				FC41BBD92401957500B2F6E7 /* Manual_ViewController.swift */,
				FC41BBDB2401957E00B2F6E7 /* Random_ViewController.swift */,
				FC41BBDD2401958A00B2F6E7 /* ProgramPoint_ViewController.swift */,
				FC41BBDF240195B600B2F6E7 /* AccidentScenario_ViewController.swift */,
				FC41BBE1240195DA00B2F6E7 /* Setup_ViewController.swift */,
				FC41BBE3240195E600B2F6E7 /* SafetySettings_ViewController.swift */,
			);
			path = Controller;
			sourceTree = "<group>";
		};
		FC5DD32E23FD8839003CC429 /* View */ = {
			isa = PBXGroup;
			children = (
				FCD08F9323EF813400F4C7C8 /* Main.storyboard */,
			);
			path = View;
			sourceTree = "<group>";
		};
		FC5DD32F23FD9493003CC429 /* Model */ = {
			isa = PBXGroup;
			children = (
			);
			path = Model;
			sourceTree = "<group>";
		};
		FCD08F8123EF813400F4C7C8 = {
			isa = PBXGroup;
			children = (
				FCD08F8C23EF813400F4C7C8 /* At Training */,
				FCD08F8B23EF813400F4C7C8 /* Products */,
			);
			sourceTree = "<group>";
		};
		FCD08F8B23EF813400F4C7C8 /* Products */ = {
			isa = PBXGroup;
			children = (
				FCD08F8A23EF813400F4C7C8 /* At Training.app */,
			);
			name = Products;
			sourceTree = "<group>";
		};
		FCD08F8C23EF813400F4C7C8 /* At Training */ = {
			isa = PBXGroup;
			children = (
				FCD08F8D23EF813400F4C7C8 /* AppDelegate.swift */,
				2256F319244668C90048CBA0 /* parser.h */,
				2256F31A244668C90048CBA0 /* parser.m */,
				FCD08F8F23EF813400F4C7C8 /* SceneDelegate.swift */,
				FC5DD32F23FD9493003CC429 /* Model */,
				FC5DD32E23FD8839003CC429 /* View */,
				FC5DD32D23FD881D003CC429 /* Controller */,
				FCD08F9623EF813600F4C7C8 /* Assets.xcassets */,
				FCD08F9823EF813600F4C7C8 /* LaunchScreen.storyboard */,
				FCD08F9B23EF813600F4C7C8 /* Info.plist */,
				2256F318244668C80048CBA0 /* At Training-Bridging-Header.h */,
			);
			path = "At Training";
			sourceTree = "<group>";
		};
/* End PBXGroup section */

/* Begin PBXNativeTarget section */
		FCD08F8923EF813400F4C7C8 /* At Training */ = {
			isa = PBXNativeTarget;
			buildConfigurationList = FCD08F9E23EF813600F4C7C8 /* Build configuration list for PBXNativeTarget "At Training" */;
			buildPhases = (
				FCD08F8623EF813400F4C7C8 /* Sources */,
				FCD08F8723EF813400F4C7C8 /* Frameworks */,
				FCD08F8823EF813400F4C7C8 /* Resources */,
			);
			buildRules = (
			);
			dependencies = (
			);
			name = "At Training";
			productName = "At Training";
			productReference = FCD08F8A23EF813400F4C7C8 /* At Training.app */;
			productType = "com.apple.product-type.application";
		};
/* End PBXNativeTarget section */

/* Begin PBXProject section */
		FCD08F8223EF813400F4C7C8 /* Project object */ = {
			isa = PBXProject;
			attributes = {
				LastSwiftUpdateCheck = 1110;
				LastUpgradeCheck = 1110;
				ORGANIZATIONNAME = "WASSIM LAGNAOUI";
				TargetAttributes = {
					FCD08F8923EF813400F4C7C8 = {
						CreatedOnToolsVersion = 11.1;
						LastSwiftMigration = 1140;
					};
				};
			};
			buildConfigurationList = FCD08F8523EF813400F4C7C8 /* Build configuration list for PBXProject "At Training" */;
			compatibilityVersion = "Xcode 9.3";
			developmentRegion = en;
			hasScannedForEncodings = 0;
			knownRegions = (
				en,
				Base,
			);
			mainGroup = FCD08F8123EF813400F4C7C8;
			productRefGroup = FCD08F8B23EF813400F4C7C8 /* Products */;
			projectDirPath = "";
			projectRoot = "";
			targets = (
				FCD08F8923EF813400F4C7C8 /* At Training */,
			);
		};
/* End PBXProject section */

/* Begin PBXResourcesBuildPhase section */
		FCD08F8823EF813400F4C7C8 /* Resources */ = {
			isa = PBXResourcesBuildPhase;
			buildActionMask = 2147483647;
			files = (
				FCD08F9A23EF813600F4C7C8 /* LaunchScreen.storyboard in Resources */,
				FCD08F9723EF813600F4C7C8 /* Assets.xcassets in Resources */,
				FCD08F9523EF813400F4C7C8 /* Main.storyboard in Resources */,
			);
			runOnlyForDeploymentPostprocessing = 0;
		};
/* End PBXResourcesBuildPhase section */

/* Begin PBXSourcesBuildPhase section */
		FCD08F8623EF813400F4C7C8 /* Sources */ = {
			isa = PBXSourcesBuildPhase;
			buildActionMask = 2147483647;
			files = (
				2256F31B244668C90048CBA0 /* parser.m in Sources */,
				FC41BBDA2401957500B2F6E7 /* Manual_ViewController.swift in Sources */,
				FC41BBE0240195B600B2F6E7 /* AccidentScenario_ViewController.swift in Sources */,
				FC41BBE2240195DA00B2F6E7 /* Setup_ViewController.swift in Sources */,
				FCD08F9223EF813400F4C7C8 /* ViewController.swift in Sources */,
				FCD08F8E23EF813400F4C7C8 /* AppDelegate.swift in Sources */,
				FC5DD33123FD96D0003CC429 /* AdmiLoginVC.swift in Sources */,
				FC41BBE4240195E600B2F6E7 /* SafetySettings_ViewController.swift in Sources */,
				FC41BBDE2401958A00B2F6E7 /* ProgramPoint_ViewController.swift in Sources */,
				FC5DD33323FD98C1003CC429 /* CalibrationVC.swift in Sources */,
				FCD08F9023EF813400F4C7C8 /* SceneDelegate.swift in Sources */,
				FC41BBDC2401957E00B2F6E7 /* Random_ViewController.swift in Sources */,
			);
			runOnlyForDeploymentPostprocessing = 0;
		};
/* End PBXSourcesBuildPhase section */

/* Begin PBXVariantGroup section */
		FCD08F9323EF813400F4C7C8 /* Main.storyboard */ = {
			isa = PBXVariantGroup;
			children = (
				FCD08F9423EF813400F4C7C8 /* Base */,
			);
			name = Main.storyboard;
			sourceTree = "<group>";
		};
		FCD08F9823EF813600F4C7C8 /* LaunchScreen.storyboard */ = {
			isa = PBXVariantGroup;
			children = (
				FCD08F9923EF813600F4C7C8 /* Base */,
			);
			name = LaunchScreen.storyboard;
			sourceTree = "<group>";
		};
/* End PBXVariantGroup section */

/* Begin XCBuildConfiguration section */
		FCD08F9C23EF813600F4C7C8 /* Debug */ = {
			isa = XCBuildConfiguration;
			buildSettings = {
				ALWAYS_SEARCH_USER_PATHS = NO;
				CLANG_ANALYZER_NONNULL = YES;
				CLANG_ANALYZER_NUMBER_OBJECT_CONVERSION = YES_AGGRESSIVE;
				CLANG_CXX_LANGUAGE_STANDARD = "gnu++14";
				CLANG_CXX_LIBRARY = "libc++";
				CLANG_ENABLE_MODULES = YES;
				CLANG_ENABLE_OBJC_ARC = YES;
				CLANG_ENABLE_OBJC_WEAK = YES;
				CLANG_WARN_BLOCK_CAPTURE_AUTORELEASING = YES;
				CLANG_WARN_BOOL_CONVERSION = YES;
				CLANG_WARN_COMMA = YES;
				CLANG_WARN_CONSTANT_CONVERSION = YES;
				CLANG_WARN_DEPRECATED_OBJC_IMPLEMENTATIONS = YES;
				CLANG_WARN_DIRECT_OBJC_ISA_USAGE = YES_ERROR;
				CLANG_WARN_DOCUMENTATION_COMMENTS = YES;
				CLANG_WARN_EMPTY_BODY = YES;
				CLANG_WARN_ENUM_CONVERSION = YES;
				CLANG_WARN_INFINITE_RECURSION = YES;
				CLANG_WARN_INT_CONVERSION = YES;
				CLANG_WARN_NON_LITERAL_NULL_CONVERSION = YES;
				CLANG_WARN_OBJC_IMPLICIT_RETAIN_SELF = YES;
				CLANG_WARN_OBJC_LITERAL_CONVERSION = YES;
				CLANG_WARN_OBJC_ROOT_CLASS = YES_ERROR;
				CLANG_WARN_RANGE_LOOP_ANALYSIS = YES;
				CLANG_WARN_STRICT_PROTOTYPES = YES;
				CLANG_WARN_SUSPICIOUS_MOVE = YES;
				CLANG_WARN_UNGUARDED_AVAILABILITY = YES_AGGRESSIVE;
				CLANG_WARN_UNREACHABLE_CODE = YES;
				CLANG_WARN__DUPLICATE_METHOD_MATCH = YES;
				COPY_PHASE_STRIP = NO;
				DEBUG_INFORMATION_FORMAT = dwarf;
				ENABLE_STRICT_OBJC_MSGSEND = YES;
				ENABLE_TESTABILITY = YES;
				GCC_C_LANGUAGE_STANDARD = gnu11;
				GCC_DYNAMIC_NO_PIC = NO;
				GCC_NO_COMMON_BLOCKS = YES;
				GCC_OPTIMIZATION_LEVEL = 0;
				GCC_PREPROCESSOR_DEFINITIONS = (
					"DEBUG=1",
					"$(inherited)",
				);
				GCC_WARN_64_TO_32_BIT_CONVERSION = YES;
				GCC_WARN_ABOUT_RETURN_TYPE = YES_ERROR;
				GCC_WARN_UNDECLARED_SELECTOR = YES;
				GCC_WARN_UNINITIALIZED_AUTOS = YES_AGGRESSIVE;
				GCC_WARN_UNUSED_FUNCTION = YES;
				GCC_WARN_UNUSED_VARIABLE = YES;
				IPHONEOS_DEPLOYMENT_TARGET = 13.1;
				MTL_ENABLE_DEBUG_INFO = INCLUDE_SOURCE;
				MTL_FAST_MATH = YES;
				ONLY_ACTIVE_ARCH = YES;
				SDKROOT = iphoneos;
				SWIFT_ACTIVE_COMPILATION_CONDITIONS = DEBUG;
				SWIFT_OPTIMIZATION_LEVEL = "-Onone";
			};
			name = Debug;
		};
		FCD08F9D23EF813600F4C7C8 /* Release */ = {
			isa = XCBuildConfiguration;
			buildSettings = {
				ALWAYS_SEARCH_USER_PATHS = NO;
				CLANG_ANALYZER_NONNULL = YES;
				CLANG_ANALYZER_NUMBER_OBJECT_CONVERSION = YES_AGGRESSIVE;
				CLANG_CXX_LANGUAGE_STANDARD = "gnu++14";
				CLANG_CXX_LIBRARY = "libc++";
				CLANG_ENABLE_MODULES = YES;
				CLANG_ENABLE_OBJC_ARC = YES;
				CLANG_ENABLE_OBJC_WEAK = YES;
				CLANG_WARN_BLOCK_CAPTURE_AUTORELEASING = YES;
				CLANG_WARN_BOOL_CONVERSION = YES;
				CLANG_WARN_COMMA = YES;
				CLANG_WARN_CONSTANT_CONVERSION = YES;
				CLANG_WARN_DEPRECATED_OBJC_IMPLEMENTATIONS = YES;
				CLANG_WARN_DIRECT_OBJC_ISA_USAGE = YES_ERROR;
				CLANG_WARN_DOCUMENTATION_COMMENTS = YES;
				CLANG_WARN_EMPTY_BODY = YES;
				CLANG_WARN_ENUM_CONVERSION = YES;
				CLANG_WARN_INFINITE_RECURSION = YES;
				CLANG_WARN_INT_CONVERSION = YES;
				CLANG_WARN_NON_LITERAL_NULL_CONVERSION = YES;
				CLANG_WARN_OBJC_IMPLICIT_RETAIN_SELF = YES;
				CLANG_WARN_OBJC_LITERAL_CONVERSION = YES;
				CLANG_WARN_OBJC_ROOT_CLASS = YES_ERROR;
				CLANG_WARN_RANGE_LOOP_ANALYSIS = YES;
				CLANG_WARN_STRICT_PROTOTYPES = YES;
				CLANG_WARN_SUSPICIOUS_MOVE = YES;
				CLANG_WARN_UNGUARDED_AVAILABILITY = YES_AGGRESSIVE;
				CLANG_WARN_UNREACHABLE_CODE = YES;
				CLANG_WARN__DUPLICATE_METHOD_MATCH = YES;
				COPY_PHASE_STRIP = NO;
				DEBUG_INFORMATION_FORMAT = "dwarf-with-dsym";
				ENABLE_NS_ASSERTIONS = NO;
				ENABLE_STRICT_OBJC_MSGSEND = YES;
				GCC_C_LANGUAGE_STANDARD = gnu11;
				GCC_NO_COMMON_BLOCKS = YES;
				GCC_WARN_64_TO_32_BIT_CONVERSION = YES;
				GCC_WARN_ABOUT_RETURN_TYPE = YES_ERROR;
				GCC_WARN_UNDECLARED_SELECTOR = YES;
				GCC_WARN_UNINITIALIZED_AUTOS = YES_AGGRESSIVE;
				GCC_WARN_UNUSED_FUNCTION = YES;
				GCC_WARN_UNUSED_VARIABLE = YES;
				IPHONEOS_DEPLOYMENT_TARGET = 13.1;
				MTL_ENABLE_DEBUG_INFO = NO;
				MTL_FAST_MATH = YES;
				SDKROOT = iphoneos;
				SWIFT_COMPILATION_MODE = wholemodule;
				SWIFT_OPTIMIZATION_LEVEL = "-O";
				VALIDATE_PRODUCT = YES;
			};
			name = Release;
		};
		FCD08F9F23EF813600F4C7C8 /* Debug */ = {
			isa = XCBuildConfiguration;
			buildSettings = {
				ASSETCATALOG_COMPILER_APPICON_NAME = AppIcon;
				CLANG_ENABLE_MODULES = YES;
				CODE_SIGN_STYLE = Automatic;
				DEVELOPMENT_TEAM = KL2CMCMZHA;
				INFOPLIST_FILE = "At Training/Info.plist";
				LD_RUNPATH_SEARCH_PATHS = (
					"$(inherited)",
					"@executable_path/Frameworks",
				);
				PRODUCT_BUNDLE_IDENTIFIER = "com.LagnaouiW.At-Training";
				PRODUCT_NAME = "$(TARGET_NAME)";
				SWIFT_OBJC_BRIDGING_HEADER = "At Training/At Training-Bridging-Header.h";
				SWIFT_OPTIMIZATION_LEVEL = "-Onone";
				SWIFT_VERSION = 5.0;
				TARGETED_DEVICE_FAMILY = "1,2";
			};
			name = Debug;
		};
		FCD08FA023EF813600F4C7C8 /* Release */ = {
			isa = XCBuildConfiguration;
			buildSettings = {
				ASSETCATALOG_COMPILER_APPICON_NAME = AppIcon;
				CLANG_ENABLE_MODULES = YES;
				CODE_SIGN_STYLE = Automatic;
				DEVELOPMENT_TEAM = KL2CMCMZHA;
				INFOPLIST_FILE = "At Training/Info.plist";
				LD_RUNPATH_SEARCH_PATHS = (
					"$(inherited)",
					"@executable_path/Frameworks",
				);
				PRODUCT_BUNDLE_IDENTIFIER = "com.LagnaouiW.At-Training";
				PRODUCT_NAME = "$(TARGET_NAME)";
				SWIFT_OBJC_BRIDGING_HEADER = "At Training/At Training-Bridging-Header.h";
				SWIFT_VERSION = 5.0;
				TARGETED_DEVICE_FAMILY = "1,2";
			};
			name = Release;
		};
/* End XCBuildConfiguration section */

/* Begin XCConfigurationList section */
		FCD08F8523EF813400F4C7C8 /* Build configuration list for PBXProject "At Training" */ = {
			isa = XCConfigurationList;
			buildConfigurations = (
				FCD08F9C23EF813600F4C7C8 /* Debug */,
				FCD08F9D23EF813600F4C7C8 /* Release */,
			);
			defaultConfigurationIsVisible = 0;
			defaultConfigurationName = Release;
		};
		FCD08F9E23EF813600F4C7C8 /* Build configuration list for PBXNativeTarget "At Training" */ = {
			isa = XCConfigurationList;
			buildConfigurations = (
				FCD08F9F23EF813600F4C7C8 /* Debug */,
				FCD08FA023EF813600F4C7C8 /* Release */,
			);
			defaultConfigurationIsVisible = 0;
			defaultConfigurationName = Release;
		};
/* End XCConfigurationList section */
	};
	rootObject = FCD08F8223EF813400F4C7C8 /* Project object */;
}
